// !$*UTF8*$!
{
	archiveVersion = 1;
	classes = {
	};
	objectVersion = 46;
	objects = {

/* Begin PBXBuildFile section */
		CC355C481F1DA0FC00EA9411 /* WXPageController.m in Sources */ = {isa = PBXBuildFile; fileRef = CC355C471F1DA0FC00EA9411 /* WXPageController.m */; };
		CC355C4B1F1DA1EA00EA9411 /* WXPageAnimation.m in Sources */ = {isa = PBXBuildFile; fileRef = CC355C4A1F1DA1EA00EA9411 /* WXPageAnimation.m */; };
		CC638AE81F1C472A00EC0131 /* NormalDismissAnimation.m in Sources */ = {isa = PBXBuildFile; fileRef = CC9A86091F175E9200590B47 /* NormalDismissAnimation.m */; };
		CC638AE91F1C472A00EC0131 /* WXMagicMoveController.m in Sources */ = {isa = PBXBuildFile; fileRef = CCDCEEAF1F18692C005E255E /* WXMagicMoveController.m */; };
		CC638AEA1F1C472A00EC0131 /* WXMagicMovePushController.m in Sources */ = {isa = PBXBuildFile; fileRef = CCDCEEB21F186F8C005E255E /* WXMagicMovePushController.m */; };
		CC638AEB1F1C472A00EC0131 /* WXMagicTransiton.m in Sources */ = {isa = PBXBuildFile; fileRef = CCDCEEB51F1870B1005E255E /* WXMagicTransiton.m */; };
		CC638AEC1F1C472A00EC0131 /* WXPercentInteractiveTransition.m in Sources */ = {isa = PBXBuildFile; fileRef = CCDCEEBB1F18AADA005E255E /* WXPercentInteractiveTransition.m */; };
		CC638AED1F1C472A00EC0131 /* BouncePresentAnimation.m in Sources */ = {isa = PBXBuildFile; fileRef = CC9A86051F175E9200590B47 /* BouncePresentAnimation.m */; };
		CC638AEE1F1C472A00EC0131 /* FTT_Roundview.m in Sources */ = {isa = PBXBuildFile; fileRef = CCDCEEA71F1849AB005E255E /* FTT_Roundview.m */; };
		CC638AF01F1C472A00EC0131 /* ModalViewController.m in Sources */ = {isa = PBXBuildFile; fileRef = CC9A86071F175E9200590B47 /* ModalViewController.m */; };
		CC638AF11F1C472A00EC0131 /* SwipeUpInteractiveTransition.m in Sources */ = {isa = PBXBuildFile; fileRef = CC9A860B1F175E9200590B47 /* SwipeUpInteractiveTransition.m */; };
		CC638AF21F1C472A00EC0131 /* AppDelegate.m in Sources */ = {isa = PBXBuildFile; fileRef = CC9A85DC1F17033F00590B47 /* AppDelegate.m */; };
		CC638AF31F1C472A00EC0131 /* main.m in Sources */ = {isa = PBXBuildFile; fileRef = CC9A85D91F17033F00590B47 /* main.m */; };
		CC638AF41F1C472A00EC0131 /* KTOneFingerRotationGestureRecognizer.m in Sources */ = {isa = PBXBuildFile; fileRef = CCDCEEA91F1849AB005E255E /* KTOneFingerRotationGestureRecognizer.m */; };
		CC638AF71F1C472A00EC0131 /* LaunchScreen.storyboard in Resources */ = {isa = PBXBuildFile; fileRef = CC9A85E61F17033F00590B47 /* LaunchScreen.storyboard */; };
		CC638AF81F1C472A00EC0131 /* 5355d3ccc22dd.jpg in Resources */ = {isa = PBXBuildFile; fileRef = CCDCEEB71F18A74E005E255E /* 5355d3ccc22dd.jpg */; };
		CC638AF91F1C472A00EC0131 /* Assets.xcassets in Resources */ = {isa = PBXBuildFile; fileRef = CC9A85E41F17033F00590B47 /* Assets.xcassets */; };
		CC638AFA1F1C472A00EC0131 /* Main.storyboard in Resources */ = {isa = PBXBuildFile; fileRef = CC9A85E11F17033F00590B47 /* Main.storyboard */; };
		CC638AFB1F1C472A00EC0131 /* zrx4.jpg in Resources */ = {isa = PBXBuildFile; fileRef = CC9A86011F175D4400590B47 /* zrx4.jpg */; };
		CC638B071F1C48BB00EC0131 /* ViewController.m in Sources */ = {isa = PBXBuildFile; fileRef = CC638B061F1C48BB00EC0131 /* ViewController.m */; };
		CC638B0A1F1C4C5E00EC0131 /* WXLogInAnimationController.m in Sources */ = {isa = PBXBuildFile; fileRef = CC638B091F1C4C5E00EC0131 /* WXLogInAnimationController.m */; };
		CC638B0C1F1C559E00EC0131 /* 1.png in Resources */ = {isa = PBXBuildFile; fileRef = CC638B0B1F1C559E00EC0131 /* 1.png */; };
		CC638B0E1F1C55A200EC0131 /* 2.png in Resources */ = {isa = PBXBuildFile; fileRef = CC638B0D1F1C55A200EC0131 /* 2.png */; };
		CC638B111F1C55C100EC0131 /* WXTransitonAnimation.m in Sources */ = {isa = PBXBuildFile; fileRef = CC638B101F1C55C100EC0131 /* WXTransitonAnimation.m */; };
		CC638B141F1C5B2F00EC0131 /* WXSpringAnimation.m in Sources */ = {isa = PBXBuildFile; fileRef = CC638B131F1C5B2F00EC0131 /* WXSpringAnimation.m */; };
		CC638B171F1C8F2600EC0131 /* WX_CABasicAnimation.m in Sources */ = {isa = PBXBuildFile; fileRef = CC638B161F1C8F2600EC0131 /* WX_CABasicAnimation.m */; };
		CC638B1A1F1CA30C00EC0131 /* WX_CAKeyFrameAnimation.m in Sources */ = {isa = PBXBuildFile; fileRef = CC638B191F1CA30C00EC0131 /* WX_CAKeyFrameAnimation.m */; };
		CC638B1D1F1CAB4B00EC0131 /* WX_CATransiton.m in Sources */ = {isa = PBXBuildFile; fileRef = CC638B1C1F1CAB4B00EC0131 /* WX_CATransiton.m */; };
		CC9A85DA1F17033F00590B47 /* main.m in Sources */ = {isa = PBXBuildFile; fileRef = CC9A85D91F17033F00590B47 /* main.m */; };
		CC9A85DD1F17033F00590B47 /* AppDelegate.m in Sources */ = {isa = PBXBuildFile; fileRef = CC9A85DC1F17033F00590B47 /* AppDelegate.m */; };
		CC9A85E01F17033F00590B47 /* ViewController.m in Sources */ = {isa = PBXBuildFile; fileRef = CC9A85DF1F17033F00590B47 /* ViewController.m */; };
		CC9A85E31F17033F00590B47 /* Main.storyboard in Resources */ = {isa = PBXBuildFile; fileRef = CC9A85E11F17033F00590B47 /* Main.storyboard */; };
		CC9A85E51F17033F00590B47 /* Assets.xcassets in Resources */ = {isa = PBXBuildFile; fileRef = CC9A85E41F17033F00590B47 /* Assets.xcassets */; };
		CC9A85E81F17033F00590B47 /* LaunchScreen.storyboard in Resources */ = {isa = PBXBuildFile; fileRef = CC9A85E61F17033F00590B47 /* LaunchScreen.storyboard */; };
		CC9A86021F175D4400590B47 /* zrx4.jpg in Resources */ = {isa = PBXBuildFile; fileRef = CC9A86011F175D4400590B47 /* zrx4.jpg */; };
		CC9A860C1F175E9200590B47 /* BouncePresentAnimation.m in Sources */ = {isa = PBXBuildFile; fileRef = CC9A86051F175E9200590B47 /* BouncePresentAnimation.m */; };
		CC9A860D1F175E9200590B47 /* ModalViewController.m in Sources */ = {isa = PBXBuildFile; fileRef = CC9A86071F175E9200590B47 /* ModalViewController.m */; };
		CC9A860E1F175E9200590B47 /* NormalDismissAnimation.m in Sources */ = {isa = PBXBuildFile; fileRef = CC9A86091F175E9200590B47 /* NormalDismissAnimation.m */; };
		CC9A860F1F175E9200590B47 /* SwipeUpInteractiveTransition.m in Sources */ = {isa = PBXBuildFile; fileRef = CC9A860B1F175E9200590B47 /* SwipeUpInteractiveTransition.m */; };
		CCDCEEAA1F1849AB005E255E /* FTT_Roundview.m in Sources */ = {isa = PBXBuildFile; fileRef = CCDCEEA71F1849AB005E255E /* FTT_Roundview.m */; };
		CCDCEEAB1F1849AB005E255E /* KTOneFingerRotationGestureRecognizer.m in Sources */ = {isa = PBXBuildFile; fileRef = CCDCEEA91F1849AB005E255E /* KTOneFingerRotationGestureRecognizer.m */; };
		CCDCEEB01F18692C005E255E /* WXMagicMoveController.m in Sources */ = {isa = PBXBuildFile; fileRef = CCDCEEAF1F18692C005E255E /* WXMagicMoveController.m */; };
		CCDCEEB31F186F8C005E255E /* WXMagicMovePushController.m in Sources */ = {isa = PBXBuildFile; fileRef = CCDCEEB21F186F8C005E255E /* WXMagicMovePushController.m */; };
		CCDCEEB61F1870B1005E255E /* WXMagicTransiton.m in Sources */ = {isa = PBXBuildFile; fileRef = CCDCEEB51F1870B1005E255E /* WXMagicTransiton.m */; };
		CCDCEEB81F18A74E005E255E /* 5355d3ccc22dd.jpg in Resources */ = {isa = PBXBuildFile; fileRef = CCDCEEB71F18A74E005E255E /* 5355d3ccc22dd.jpg */; };
		CCDCEEBC1F18AADA005E255E /* WXPercentInteractiveTransition.m in Sources */ = {isa = PBXBuildFile; fileRef = CCDCEEBB1F18AADA005E255E /* WXPercentInteractiveTransition.m */; };
		CCEDB9631F1DA91F00BD6F99 /* WXPageNextController.m in Sources */ = {isa = PBXBuildFile; fileRef = CCEDB9621F1DA91F00BD6F99 /* WXPageNextController.m */; };
		CCEDB9661F1DE52700BD6F99 /* WXGradientLayerController.m in Sources */ = {isa = PBXBuildFile; fileRef = CCEDB9651F1DE52700BD6F99 /* WXGradientLayerController.m */; };
		CCEDB9691F1DEE8A00BD6F99 /* UIView+anchorPoint.m in Sources */ = {isa = PBXBuildFile; fileRef = CCEDB9681F1DEE8A00BD6F99 /* UIView+anchorPoint.m */; };
/* End PBXBuildFile section */

/* Begin PBXFileReference section */
		CC355C461F1DA0FC00EA9411 /* WXPageController.h */ = {isa = PBXFileReference; fileEncoding = 4; lastKnownFileType = sourcecode.c.h; path = WXPageController.h; sourceTree = "<group>"; };
		CC355C471F1DA0FC00EA9411 /* WXPageController.m */ = {isa = PBXFileReference; fileEncoding = 4; lastKnownFileType = sourcecode.c.objc; path = WXPageController.m; sourceTree = "<group>"; };
		CC355C491F1DA1EA00EA9411 /* WXPageAnimation.h */ = {isa = PBXFileReference; fileEncoding = 4; lastKnownFileType = sourcecode.c.h; path = WXPageAnimation.h; sourceTree = "<group>"; };
		CC355C4A1F1DA1EA00EA9411 /* WXPageAnimation.m */ = {isa = PBXFileReference; fileEncoding = 4; lastKnownFileType = sourcecode.c.objc; path = WXPageAnimation.m; sourceTree = "<group>"; };
		CC638AFF1F1C472A00EC0131 /* WXBasicAnimation.app */ = {isa = PBXFileReference; explicitFileType = wrapper.application; includeInIndex = 0; path = WXBasicAnimation.app; sourceTree = BUILT_PRODUCTS_DIR; };
		CC638B001F1C472A00EC0131 /* WXBasicAnimationInfo.plist */ = {isa = PBXFileReference; lastKnownFileType = text.plist.xml; name = WXBasicAnimationInfo.plist; path = "/Users/blackergray/Desktop/WXCode/GitHub项目/WXTransitionDemo/WXBasicAnimationInfo.plist"; sourceTree = "<absolute>"; };
		CC638B051F1C48BB00EC0131 /* ViewController.h */ = {isa = PBXFileReference; fileEncoding = 4; lastKnownFileType = sourcecode.c.h; path = ViewController.h; sourceTree = "<group>"; };
		CC638B061F1C48BB00EC0131 /* ViewController.m */ = {isa = PBXFileReference; fileEncoding = 4; lastKnownFileType = sourcecode.c.objc; path = ViewController.m; sourceTree = "<group>"; };
		CC638B081F1C4C5E00EC0131 /* WXLogInAnimationController.h */ = {isa = PBXFileReference; fileEncoding = 4; lastKnownFileType = sourcecode.c.h; path = WXLogInAnimationController.h; sourceTree = "<group>"; };
		CC638B091F1C4C5E00EC0131 /* WXLogInAnimationController.m */ = {isa = PBXFileReference; fileEncoding = 4; lastKnownFileType = sourcecode.c.objc; path = WXLogInAnimationController.m; sourceTree = "<group>"; };
		CC638B0B1F1C559E00EC0131 /* 1.png */ = {isa = PBXFileReference; lastKnownFileType = image.png; path = 1.png; sourceTree = "<group>"; };
		CC638B0D1F1C55A200EC0131 /* 2.png */ = {isa = PBXFileReference; lastKnownFileType = image.png; path = 2.png; sourceTree = "<group>"; };
		CC638B0F1F1C55C100EC0131 /* WXTransitonAnimation.h */ = {isa = PBXFileReference; fileEncoding = 4; lastKnownFileType = sourcecode.c.h; path = WXTransitonAnimation.h; sourceTree = "<group>"; };
		CC638B101F1C55C100EC0131 /* WXTransitonAnimation.m */ = {isa = PBXFileReference; fileEncoding = 4; lastKnownFileType = sourcecode.c.objc; path = WXTransitonAnimation.m; sourceTree = "<group>"; };
		CC638B121F1C5B2F00EC0131 /* WXSpringAnimation.h */ = {isa = PBXFileReference; fileEncoding = 4; lastKnownFileType = sourcecode.c.h; path = WXSpringAnimation.h; sourceTree = "<group>"; };
		CC638B131F1C5B2F00EC0131 /* WXSpringAnimation.m */ = {isa = PBXFileReference; fileEncoding = 4; lastKnownFileType = sourcecode.c.objc; path = WXSpringAnimation.m; sourceTree = "<group>"; };
		CC638B151F1C8F2600EC0131 /* WX_CABasicAnimation.h */ = {isa = PBXFileReference; fileEncoding = 4; lastKnownFileType = sourcecode.c.h; path = WX_CABasicAnimation.h; sourceTree = "<group>"; };
		CC638B161F1C8F2600EC0131 /* WX_CABasicAnimation.m */ = {isa = PBXFileReference; fileEncoding = 4; lastKnownFileType = sourcecode.c.objc; path = WX_CABasicAnimation.m; sourceTree = "<group>"; };
		CC638B181F1CA30C00EC0131 /* WX_CAKeyFrameAnimation.h */ = {isa = PBXFileReference; fileEncoding = 4; lastKnownFileType = sourcecode.c.h; path = WX_CAKeyFrameAnimation.h; sourceTree = "<group>"; };
		CC638B191F1CA30C00EC0131 /* WX_CAKeyFrameAnimation.m */ = {isa = PBXFileReference; fileEncoding = 4; lastKnownFileType = sourcecode.c.objc; path = WX_CAKeyFrameAnimation.m; sourceTree = "<group>"; };
		CC638B1B1F1CAB4B00EC0131 /* WX_CATransiton.h */ = {isa = PBXFileReference; fileEncoding = 4; lastKnownFileType = sourcecode.c.h; path = WX_CATransiton.h; sourceTree = "<group>"; };
		CC638B1C1F1CAB4B00EC0131 /* WX_CATransiton.m */ = {isa = PBXFileReference; fileEncoding = 4; lastKnownFileType = sourcecode.c.objc; path = WX_CATransiton.m; sourceTree = "<group>"; };
		CC9A85D51F17033F00590B47 /* WXTransitionDemo.app */ = {isa = PBXFileReference; explicitFileType = wrapper.application; includeInIndex = 0; path = WXTransitionDemo.app; sourceTree = BUILT_PRODUCTS_DIR; };
		CC9A85D91F17033F00590B47 /* main.m */ = {isa = PBXFileReference; lastKnownFileType = sourcecode.c.objc; path = main.m; sourceTree = "<group>"; };
		CC9A85DB1F17033F00590B47 /* AppDelegate.h */ = {isa = PBXFileReference; lastKnownFileType = sourcecode.c.h; path = AppDelegate.h; sourceTree = "<group>"; };
		CC9A85DC1F17033F00590B47 /* AppDelegate.m */ = {isa = PBXFileReference; lastKnownFileType = sourcecode.c.objc; path = AppDelegate.m; sourceTree = "<group>"; };
		CC9A85DE1F17033F00590B47 /* ViewController.h */ = {isa = PBXFileReference; lastKnownFileType = sourcecode.c.h; path = ViewController.h; sourceTree = "<group>"; };
		CC9A85DF1F17033F00590B47 /* ViewController.m */ = {isa = PBXFileReference; lastKnownFileType = sourcecode.c.objc; path = ViewController.m; sourceTree = "<group>"; };
		CC9A85E21F17033F00590B47 /* Base */ = {isa = PBXFileReference; lastKnownFileType = file.storyboard; name = Base; path = Base.lproj/Main.storyboard; sourceTree = "<group>"; };
		CC9A85E41F17033F00590B47 /* Assets.xcassets */ = {isa = PBXFileReference; lastKnownFileType = folder.assetcatalog; path = Assets.xcassets; sourceTree = "<group>"; };
		CC9A85E71F17033F00590B47 /* Base */ = {isa = PBXFileReference; lastKnownFileType = file.storyboard; name = Base; path = Base.lproj/LaunchScreen.storyboard; sourceTree = "<group>"; };
		CC9A85E91F17033F00590B47 /* Info.plist */ = {isa = PBXFileReference; lastKnownFileType = text.plist.xml; path = Info.plist; sourceTree = "<group>"; };
		CC9A86011F175D4400590B47 /* zrx4.jpg */ = {isa = PBXFileReference; lastKnownFileType = image.jpeg; path = zrx4.jpg; sourceTree = "<group>"; };
		CC9A86041F175E9200590B47 /* BouncePresentAnimation.h */ = {isa = PBXFileReference; fileEncoding = 4; lastKnownFileType = sourcecode.c.h; path = BouncePresentAnimation.h; sourceTree = "<group>"; };
		CC9A86051F175E9200590B47 /* BouncePresentAnimation.m */ = {isa = PBXFileReference; fileEncoding = 4; lastKnownFileType = sourcecode.c.objc; path = BouncePresentAnimation.m; sourceTree = "<group>"; };
		CC9A86061F175E9200590B47 /* ModalViewController.h */ = {isa = PBXFileReference; fileEncoding = 4; lastKnownFileType = sourcecode.c.h; path = ModalViewController.h; sourceTree = "<group>"; };
		CC9A86071F175E9200590B47 /* ModalViewController.m */ = {isa = PBXFileReference; fileEncoding = 4; lastKnownFileType = sourcecode.c.objc; path = ModalViewController.m; sourceTree = "<group>"; };
		CC9A86081F175E9200590B47 /* NormalDismissAnimation.h */ = {isa = PBXFileReference; fileEncoding = 4; lastKnownFileType = sourcecode.c.h; path = NormalDismissAnimation.h; sourceTree = "<group>"; };
		CC9A86091F175E9200590B47 /* NormalDismissAnimation.m */ = {isa = PBXFileReference; fileEncoding = 4; lastKnownFileType = sourcecode.c.objc; path = NormalDismissAnimation.m; sourceTree = "<group>"; };
		CC9A860A1F175E9200590B47 /* SwipeUpInteractiveTransition.h */ = {isa = PBXFileReference; fileEncoding = 4; lastKnownFileType = sourcecode.c.h; path = SwipeUpInteractiveTransition.h; sourceTree = "<group>"; };
		CC9A860B1F175E9200590B47 /* SwipeUpInteractiveTransition.m */ = {isa = PBXFileReference; fileEncoding = 4; lastKnownFileType = sourcecode.c.objc; path = SwipeUpInteractiveTransition.m; sourceTree = "<group>"; };
		CCDCEEA61F1849AB005E255E /* FTT_Roundview.h */ = {isa = PBXFileReference; fileEncoding = 4; lastKnownFileType = sourcecode.c.h; path = FTT_Roundview.h; sourceTree = "<group>"; };
		CCDCEEA71F1849AB005E255E /* FTT_Roundview.m */ = {isa = PBXFileReference; fileEncoding = 4; lastKnownFileType = sourcecode.c.objc; path = FTT_Roundview.m; sourceTree = "<group>"; };
		CCDCEEA81F1849AB005E255E /* KTOneFingerRotationGestureRecognizer.h */ = {isa = PBXFileReference; fileEncoding = 4; lastKnownFileType = sourcecode.c.h; path = KTOneFingerRotationGestureRecognizer.h; sourceTree = "<group>"; };
		CCDCEEA91F1849AB005E255E /* KTOneFingerRotationGestureRecognizer.m */ = {isa = PBXFileReference; fileEncoding = 4; lastKnownFileType = sourcecode.c.objc; path = KTOneFingerRotationGestureRecognizer.m; sourceTree = "<group>"; };
		CCDCEEAE1F18692C005E255E /* WXMagicMoveController.h */ = {isa = PBXFileReference; fileEncoding = 4; lastKnownFileType = sourcecode.c.h; path = WXMagicMoveController.h; sourceTree = "<group>"; };
		CCDCEEAF1F18692C005E255E /* WXMagicMoveController.m */ = {isa = PBXFileReference; fileEncoding = 4; lastKnownFileType = sourcecode.c.objc; path = WXMagicMoveController.m; sourceTree = "<group>"; };
		CCDCEEB11F186F8C005E255E /* WXMagicMovePushController.h */ = {isa = PBXFileReference; fileEncoding = 4; lastKnownFileType = sourcecode.c.h; path = WXMagicMovePushController.h; sourceTree = "<group>"; };
		CCDCEEB21F186F8C005E255E /* WXMagicMovePushController.m */ = {isa = PBXFileReference; fileEncoding = 4; lastKnownFileType = sourcecode.c.objc; path = WXMagicMovePushController.m; sourceTree = "<group>"; };
		CCDCEEB41F1870B1005E255E /* WXMagicTransiton.h */ = {isa = PBXFileReference; fileEncoding = 4; lastKnownFileType = sourcecode.c.h; path = WXMagicTransiton.h; sourceTree = "<group>"; };
		CCDCEEB51F1870B1005E255E /* WXMagicTransiton.m */ = {isa = PBXFileReference; fileEncoding = 4; lastKnownFileType = sourcecode.c.objc; path = WXMagicTransiton.m; sourceTree = "<group>"; };
		CCDCEEB71F18A74E005E255E /* 5355d3ccc22dd.jpg */ = {isa = PBXFileReference; lastKnownFileType = image.jpeg; path = 5355d3ccc22dd.jpg; sourceTree = "<group>"; };
		CCDCEEBA1F18AADA005E255E /* WXPercentInteractiveTransition.h */ = {isa = PBXFileReference; fileEncoding = 4; lastKnownFileType = sourcecode.c.h; path = WXPercentInteractiveTransition.h; sourceTree = "<group>"; };
		CCDCEEBB1F18AADA005E255E /* WXPercentInteractiveTransition.m */ = {isa = PBXFileReference; fileEncoding = 4; lastKnownFileType = sourcecode.c.objc; path = WXPercentInteractiveTransition.m; sourceTree = "<group>"; };
		CCEDB9611F1DA91F00BD6F99 /* WXPageNextController.h */ = {isa = PBXFileReference; fileEncoding = 4; lastKnownFileType = sourcecode.c.h; path = WXPageNextController.h; sourceTree = "<group>"; };
		CCEDB9621F1DA91F00BD6F99 /* WXPageNextController.m */ = {isa = PBXFileReference; fileEncoding = 4; lastKnownFileType = sourcecode.c.objc; path = WXPageNextController.m; sourceTree = "<group>"; };
		CCEDB9641F1DE52700BD6F99 /* WXGradientLayerController.h */ = {isa = PBXFileReference; fileEncoding = 4; lastKnownFileType = sourcecode.c.h; path = WXGradientLayerController.h; sourceTree = "<group>"; };
		CCEDB9651F1DE52700BD6F99 /* WXGradientLayerController.m */ = {isa = PBXFileReference; fileEncoding = 4; lastKnownFileType = sourcecode.c.objc; path = WXGradientLayerController.m; sourceTree = "<group>"; };
		CCEDB9671F1DEE8A00BD6F99 /* UIView+anchorPoint.h */ = {isa = PBXFileReference; fileEncoding = 4; lastKnownFileType = sourcecode.c.h; path = "UIView+anchorPoint.h"; sourceTree = "<group>"; };
		CCEDB9681F1DEE8A00BD6F99 /* UIView+anchorPoint.m */ = {isa = PBXFileReference; fileEncoding = 4; lastKnownFileType = sourcecode.c.objc; path = "UIView+anchorPoint.m"; sourceTree = "<group>"; };
/* End PBXFileReference section */

/* Begin PBXFrameworksBuildPhase section */
		CC638AF51F1C472A00EC0131 /* Frameworks */ = {
			isa = PBXFrameworksBuildPhase;
			buildActionMask = 2147483647;
			files = (
			);
			runOnlyForDeploymentPostprocessing = 0;
		};
		CC9A85D21F17033F00590B47 /* Frameworks */ = {
			isa = PBXFrameworksBuildPhase;
			buildActionMask = 2147483647;
			files = (
			);
			runOnlyForDeploymentPostprocessing = 0;
		};
/* End PBXFrameworksBuildPhase section */

/* Begin PBXGroup section */
		CC355C451F1DA09100EA9411 /* Page */ = {
			isa = PBXGroup;
			children = (
				CC355C461F1DA0FC00EA9411 /* WXPageController.h */,
				CC355C471F1DA0FC00EA9411 /* WXPageController.m */,
				CCEDB9611F1DA91F00BD6F99 /* WXPageNextController.h */,
				CCEDB9621F1DA91F00BD6F99 /* WXPageNextController.m */,
				CC355C491F1DA1EA00EA9411 /* WXPageAnimation.h */,
				CC355C4A1F1DA1EA00EA9411 /* WXPageAnimation.m */,
				CCEDB9671F1DEE8A00BD6F99 /* UIView+anchorPoint.h */,
				CCEDB9681F1DEE8A00BD6F99 /* UIView+anchorPoint.m */,
			);
			path = Page;
			sourceTree = "<group>";
		};
		CC638B011F1C47CC00EC0131 /* WXBasicAnimation */ = {
			isa = PBXGroup;
			children = (
				CC638B0B1F1C559E00EC0131 /* 1.png */,
				CC638B0D1F1C55A200EC0131 /* 2.png */,
				CC638B001F1C472A00EC0131 /* WXBasicAnimationInfo.plist */,
				CC638B051F1C48BB00EC0131 /* ViewController.h */,
				CC638B061F1C48BB00EC0131 /* ViewController.m */,
				CC638B081F1C4C5E00EC0131 /* WXLogInAnimationController.h */,
				CC638B091F1C4C5E00EC0131 /* WXLogInAnimationController.m */,
				CC638B0F1F1C55C100EC0131 /* WXTransitonAnimation.h */,
				CC638B101F1C55C100EC0131 /* WXTransitonAnimation.m */,
				CC638B121F1C5B2F00EC0131 /* WXSpringAnimation.h */,
				CC638B131F1C5B2F00EC0131 /* WXSpringAnimation.m */,
				CC638B151F1C8F2600EC0131 /* WX_CABasicAnimation.h */,
				CC638B161F1C8F2600EC0131 /* WX_CABasicAnimation.m */,
				CC638B181F1CA30C00EC0131 /* WX_CAKeyFrameAnimation.h */,
				CC638B191F1CA30C00EC0131 /* WX_CAKeyFrameAnimation.m */,
				CC638B1B1F1CAB4B00EC0131 /* WX_CATransiton.h */,
				CC638B1C1F1CAB4B00EC0131 /* WX_CATransiton.m */,
				CCEDB9641F1DE52700BD6F99 /* WXGradientLayerController.h */,
				CCEDB9651F1DE52700BD6F99 /* WXGradientLayerController.m */,
			);
			path = WXBasicAnimation;
			sourceTree = "<group>";
		};
		CC9A85CC1F17033F00590B47 = {
			isa = PBXGroup;
			children = (
				CC9A85D71F17033F00590B47 /* WXTransitionDemo */,
				CC9A85D61F17033F00590B47 /* Products */,
				CC638B011F1C47CC00EC0131 /* WXBasicAnimation */,
			);
			sourceTree = "<group>";
		};
		CC9A85D61F17033F00590B47 /* Products */ = {
			isa = PBXGroup;
			children = (
				CC9A85D51F17033F00590B47 /* WXTransitionDemo.app */,
				CC638AFF1F1C472A00EC0131 /* WXBasicAnimation.app */,
			);
			name = Products;
			sourceTree = "<group>";
		};
		CC9A85D71F17033F00590B47 /* WXTransitionDemo */ = {
			isa = PBXGroup;
			children = (
				CCDCEEB91F18AA87005E255E /* WXInteractiveTransition(手势过渡动画) */,
				CCDCEEAD1F1868EE005E255E /* MagicMove */,
				CC9A86031F175E9200590B47 /* BounceEffect */,
				CC355C451F1DA09100EA9411 /* Page */,
				CC9A85DB1F17033F00590B47 /* AppDelegate.h */,
				CC9A85DC1F17033F00590B47 /* AppDelegate.m */,
				CC9A85DE1F17033F00590B47 /* ViewController.h */,
				CC9A85DF1F17033F00590B47 /* ViewController.m */,
				CC9A85E11F17033F00590B47 /* Main.storyboard */,
				CC9A85E41F17033F00590B47 /* Assets.xcassets */,
				CC9A85E61F17033F00590B47 /* LaunchScreen.storyboard */,
				CC9A85E91F17033F00590B47 /* Info.plist */,
				CCDCEEA51F1849AB005E255E /* FTT_RoundView */,
				CC9A85D81F17033F00590B47 /* Supporting Files */,
			);
			path = WXTransitionDemo;
			sourceTree = "<group>";
		};
		CC9A85D81F17033F00590B47 /* Supporting Files */ = {
			isa = PBXGroup;
			children = (
				CCDCEEB71F18A74E005E255E /* 5355d3ccc22dd.jpg */,
				CC9A86011F175D4400590B47 /* zrx4.jpg */,
				CC9A85D91F17033F00590B47 /* main.m */,
			);
			name = "Supporting Files";
			sourceTree = "<group>";
		};
		CC9A86031F175E9200590B47 /* BounceEffect */ = {
			isa = PBXGroup;
			children = (
				CC9A86041F175E9200590B47 /* BouncePresentAnimation.h */,
				CC9A86051F175E9200590B47 /* BouncePresentAnimation.m */,
				CC9A86061F175E9200590B47 /* ModalViewController.h */,
				CC9A86071F175E9200590B47 /* ModalViewController.m */,
				CC9A86081F175E9200590B47 /* NormalDismissAnimation.h */,
				CC9A86091F175E9200590B47 /* NormalDismissAnimation.m */,
				CC9A860A1F175E9200590B47 /* SwipeUpInteractiveTransition.h */,
				CC9A860B1F175E9200590B47 /* SwipeUpInteractiveTransition.m */,
			);
			path = BounceEffect;
			sourceTree = "<group>";
		};
		CCDCEEA51F1849AB005E255E /* FTT_RoundView */ = {
			isa = PBXGroup;
			children = (
				CCDCEEA61F1849AB005E255E /* FTT_Roundview.h */,
				CCDCEEA71F1849AB005E255E /* FTT_Roundview.m */,
				CCDCEEA81F1849AB005E255E /* KTOneFingerRotationGestureRecognizer.h */,
				CCDCEEA91F1849AB005E255E /* KTOneFingerRotationGestureRecognizer.m */,
			);
			path = FTT_RoundView;
			sourceTree = "<group>";
		};
		CCDCEEAD1F1868EE005E255E /* MagicMove */ = {
			isa = PBXGroup;
			children = (
				CCDCEEAE1F18692C005E255E /* WXMagicMoveController.h */,
				CCDCEEAF1F18692C005E255E /* WXMagicMoveController.m */,
				CCDCEEB11F186F8C005E255E /* WXMagicMovePushController.h */,
				CCDCEEB21F186F8C005E255E /* WXMagicMovePushController.m */,
				CCDCEEB41F1870B1005E255E /* WXMagicTransiton.h */,
				CCDCEEB51F1870B1005E255E /* WXMagicTransiton.m */,
			);
			path = MagicMove;
			sourceTree = "<group>";
		};
		CCDCEEB91F18AA87005E255E /* WXInteractiveTransition(手势过渡动画) */ = {
			isa = PBXGroup;
			children = (
				CCDCEEBA1F18AADA005E255E /* WXPercentInteractiveTransition.h */,
				CCDCEEBB1F18AADA005E255E /* WXPercentInteractiveTransition.m */,
			);
			name = "WXInteractiveTransition(手势过渡动画)";
			path = WXInteractiveTransition;
			sourceTree = "<group>";
		};
/* End PBXGroup section */

/* Begin PBXNativeTarget section */
		CC638AE61F1C472A00EC0131 /* WXBasicAnimation */ = {
			isa = PBXNativeTarget;
			buildConfigurationList = CC638AFC1F1C472A00EC0131 /* Build configuration list for PBXNativeTarget "WXBasicAnimation" */;
			buildPhases = (
				CC638AE71F1C472A00EC0131 /* Sources */,
				CC638AF51F1C472A00EC0131 /* Frameworks */,
				CC638AF61F1C472A00EC0131 /* Resources */,
			);
			buildRules = (
			);
			dependencies = (
			);
			name = WXBasicAnimation;
			productName = WXTransitionDemo;
			productReference = CC638AFF1F1C472A00EC0131 /* WXBasicAnimation.app */;
			productType = "com.apple.product-type.application";
		};
		CC9A85D41F17033F00590B47 /* WXTransitionDemo */ = {
			isa = PBXNativeTarget;
			buildConfigurationList = CC9A85EC1F17033F00590B47 /* Build configuration list for PBXNativeTarget "WXTransitionDemo" */;
			buildPhases = (
				CC9A85D11F17033F00590B47 /* Sources */,
				CC9A85D21F17033F00590B47 /* Frameworks */,
				CC9A85D31F17033F00590B47 /* Resources */,
			);
			buildRules = (
			);
			dependencies = (
			);
			name = WXTransitionDemo;
			productName = WXTransitionDemo;
			productReference = CC9A85D51F17033F00590B47 /* WXTransitionDemo.app */;
			productType = "com.apple.product-type.application";
		};
/* End PBXNativeTarget section */

/* Begin PBXProject section */
		CC9A85CD1F17033F00590B47 /* Project object */ = {
			isa = PBXProject;
			attributes = {
				LastUpgradeCheck = 0820;
				ORGANIZATIONNAME = "BlackEr Gray";
				TargetAttributes = {
					CC638AE61F1C472A00EC0131 = {
						DevelopmentTeam = 38L5433X9B;
					};
					CC9A85D41F17033F00590B47 = {
						CreatedOnToolsVersion = 8.2.1;
						DevelopmentTeam = 38L5433X9B;
						ProvisioningStyle = Automatic;
					};
				};
			};
			buildConfigurationList = CC9A85D01F17033F00590B47 /* Build configuration list for PBXProject "WXTransitionDemo" */;
			compatibilityVersion = "Xcode 3.2";
			developmentRegion = English;
			hasScannedForEncodings = 0;
			knownRegions = (
				en,
				Base,
			);
			mainGroup = CC9A85CC1F17033F00590B47;
			productRefGroup = CC9A85D61F17033F00590B47 /* Products */;
			projectDirPath = "";
			projectRoot = "";
			targets = (
				CC9A85D41F17033F00590B47 /* WXTransitionDemo */,
				CC638AE61F1C472A00EC0131 /* WXBasicAnimation */,
			);
		};
/* End PBXProject section */

/* Begin PBXResourcesBuildPhase section */
		CC638AF61F1C472A00EC0131 /* Resources */ = {
			isa = PBXResourcesBuildPhase;
			buildActionMask = 2147483647;
			files = (
				CC638AF71F1C472A00EC0131 /* LaunchScreen.storyboard in Resources */,
				CC638AF81F1C472A00EC0131 /* 5355d3ccc22dd.jpg in Resources */,
				CC638B0E1F1C55A200EC0131 /* 2.png in Resources */,
				CC638AF91F1C472A00EC0131 /* Assets.xcassets in Resources */,
				CC638B0C1F1C559E00EC0131 /* 1.png in Resources */,
				CC638AFA1F1C472A00EC0131 /* Main.storyboard in Resources */,
				CC638AFB1F1C472A00EC0131 /* zrx4.jpg in Resources */,
			);
			runOnlyForDeploymentPostprocessing = 0;
		};
		CC9A85D31F17033F00590B47 /* Resources */ = {
			isa = PBXResourcesBuildPhase;
			buildActionMask = 2147483647;
			files = (
				CC9A85E81F17033F00590B47 /* LaunchScreen.storyboard in Resources */,
				CCDCEEB81F18A74E005E255E /* 5355d3ccc22dd.jpg in Resources */,
				CC9A85E51F17033F00590B47 /* Assets.xcassets in Resources */,
				CC9A85E31F17033F00590B47 /* Main.storyboard in Resources */,
				CC9A86021F175D4400590B47 /* zrx4.jpg in Resources */,
			);
			runOnlyForDeploymentPostprocessing = 0;
		};
/* End PBXResourcesBuildPhase section */

/* Begin PBXSourcesBuildPhase section */
		CC638AE71F1C472A00EC0131 /* Sources */ = {
			isa = PBXSourcesBuildPhase;
			buildActionMask = 2147483647;
			files = (
				CC638B141F1C5B2F00EC0131 /* WXSpringAnimation.m in Sources */,
				CC638AE81F1C472A00EC0131 /* NormalDismissAnimation.m in Sources */,
				CC638AE91F1C472A00EC0131 /* WXMagicMoveController.m in Sources */,
				CC638AEA1F1C472A00EC0131 /* WXMagicMovePushController.m in Sources */,
				CCEDB9661F1DE52700BD6F99 /* WXGradientLayerController.m in Sources */,
				CC638AEB1F1C472A00EC0131 /* WXMagicTransiton.m in Sources */,
				CC638AEC1F1C472A00EC0131 /* WXPercentInteractiveTransition.m in Sources */,
				CC638AED1F1C472A00EC0131 /* BouncePresentAnimation.m in Sources */,
				CC638B1A1F1CA30C00EC0131 /* WX_CAKeyFrameAnimation.m in Sources */,
				CC638B1D1F1CAB4B00EC0131 /* WX_CATransiton.m in Sources */,
				CC638B071F1C48BB00EC0131 /* ViewController.m in Sources */,
				CC638B0A1F1C4C5E00EC0131 /* WXLogInAnimationController.m in Sources */,
				CC638AEE1F1C472A00EC0131 /* FTT_Roundview.m in Sources */,
				CC638AF01F1C472A00EC0131 /* ModalViewController.m in Sources */,
				CC638AF11F1C472A00EC0131 /* SwipeUpInteractiveTransition.m in Sources */,
				CC638AF21F1C472A00EC0131 /* AppDelegate.m in Sources */,
				CC638AF31F1C472A00EC0131 /* main.m in Sources */,
				CC638B111F1C55C100EC0131 /* WXTransitonAnimation.m in Sources */,
				CC638B171F1C8F2600EC0131 /* WX_CABasicAnimation.m in Sources */,
				CC638AF41F1C472A00EC0131 /* KTOneFingerRotationGestureRecognizer.m in Sources */,
			);
			runOnlyForDeploymentPostprocessing = 0;
		};
		CC9A85D11F17033F00590B47 /* Sources */ = {
			isa = PBXSourcesBuildPhase;
			buildActionMask = 2147483647;
			files = (
				CCEDB9631F1DA91F00BD6F99 /* WXPageNextController.m in Sources */,
				CC9A860E1F175E9200590B47 /* NormalDismissAnimation.m in Sources */,
				CCEDB9691F1DEE8A00BD6F99 /* UIView+anchorPoint.m in Sources */,
				CCDCEEB01F18692C005E255E /* WXMagicMoveController.m in Sources */,
				CCDCEEB31F186F8C005E255E /* WXMagicMovePushController.m in Sources */,
				CCDCEEB61F1870B1005E255E /* WXMagicTransiton.m in Sources */,
				CCDCEEBC1F18AADA005E255E /* WXPercentInteractiveTransition.m in Sources */,
				CC9A860C1F175E9200590B47 /* BouncePresentAnimation.m in Sources */,
				CCDCEEAA1F1849AB005E255E /* FTT_Roundview.m in Sources */,
				CC355C481F1DA0FC00EA9411 /* WXPageController.m in Sources */,
				CC355C4B1F1DA1EA00EA9411 /* WXPageAnimation.m in Sources */,
				CC9A85E01F17033F00590B47 /* ViewController.m in Sources */,
				CC9A860D1F175E9200590B47 /* ModalViewController.m in Sources */,
				CC9A860F1F175E9200590B47 /* SwipeUpInteractiveTransition.m in Sources */,
				CC9A85DD1F17033F00590B47 /* AppDelegate.m in Sources */,
				CC9A85DA1F17033F00590B47 /* main.m in Sources */,
				CCDCEEAB1F1849AB005E255E /* KTOneFingerRotationGestureRecognizer.m in Sources */,
			);
			runOnlyForDeploymentPostprocessing = 0;
		};
/* End PBXSourcesBuildPhase section */

/* Begin PBXVariantGroup section */
		CC9A85E11F17033F00590B47 /* Main.storyboard */ = {
			isa = PBXVariantGroup;
			children = (
				CC9A85E21F17033F00590B47 /* Base */,
			);
			name = Main.storyboard;
			sourceTree = "<group>";
		};
		CC9A85E61F17033F00590B47 /* LaunchScreen.storyboard */ = {
			isa = PBXVariantGroup;
			children = (
				CC9A85E71F17033F00590B47 /* Base */,
			);
			name = LaunchScreen.storyboard;
			sourceTree = "<group>";
		};
/* End PBXVariantGroup section */

/* Begin XCBuildConfiguration section */
		CC638AFD1F1C472A00EC0131 /* Debug */ = {
			isa = XCBuildConfiguration;
			buildSettings = {
				ASSETCATALOG_COMPILER_APPICON_NAME = AppIcon;
				DEVELOPMENT_TEAM = 38L5433X9B;
				INFOPLIST_FILE = "$(SRCROOT)/WXBasicAnimationInfo.plist";
				LD_RUNPATH_SEARCH_PATHS = "$(inherited) @executable_path/Frameworks";
				PRODUCT_BUNDLE_IDENTIFIER = com.tezhi.WXTransitionDemo;
				PRODUCT_NAME = "$(TARGET_NAME)";
			};
			name = Debug;
		};
		CC638AFE1F1C472A00EC0131 /* Release */ = {
			isa = XCBuildConfiguration;
			buildSettings = {
				ASSETCATALOG_COMPILER_APPICON_NAME = AppIcon;
				DEVELOPMENT_TEAM = 38L5433X9B;
				INFOPLIST_FILE = "$(SRCROOT)/WXBasicAnimationInfo.plist";
				LD_RUNPATH_SEARCH_PATHS = "$(inherited) @executable_path/Frameworks";
				PRODUCT_BUNDLE_IDENTIFIER = com.tezhi.WXTransitionDemo;
				PRODUCT_NAME = "$(TARGET_NAME)";
			};
			name = Release;
		};
		CC9A85EA1F17033F00590B47 /* Debug */ = {
			isa = XCBuildConfiguration;
			buildSettings = {
				ALWAYS_SEARCH_USER_PATHS = NO;
				CLANG_ANALYZER_NONNULL = YES;
				CLANG_CXX_LANGUAGE_STANDARD = "gnu++0x";
				CLANG_CXX_LIBRARY = "libc++";
				CLANG_ENABLE_MODULES = YES;
				CLANG_ENABLE_OBJC_ARC = YES;
				CLANG_WARN_BOOL_CONVERSION = YES;
				CLANG_WARN_CONSTANT_CONVERSION = YES;
				CLANG_WARN_DIRECT_OBJC_ISA_USAGE = YES_ERROR;
				CLANG_WARN_DOCUMENTATION_COMMENTS = YES;
				CLANG_WARN_EMPTY_BODY = YES;
				CLANG_WARN_ENUM_CONVERSION = YES;
				CLANG_WARN_INFINITE_RECURSION = YES;
				CLANG_WARN_INT_CONVERSION = YES;
				CLANG_WARN_OBJC_ROOT_CLASS = YES_ERROR;
				CLANG_WARN_SUSPICIOUS_MOVE = YES;
				CLANG_WARN_UNREACHABLE_CODE = YES;
				CLANG_WARN__DUPLICATE_METHOD_MATCH = YES;
				"CODE_SIGN_IDENTITY[sdk=iphoneos*]" = "iPhone Developer";
				COPY_PHASE_STRIP = NO;
				DEBUG_INFORMATION_FORMAT = dwarf;
				ENABLE_STRICT_OBJC_MSGSEND = YES;
				ENABLE_TESTABILITY = YES;
				GCC_C_LANGUAGE_STANDARD = gnu99;
				GCC_DYNAMIC_NO_PIC = NO;
				GCC_NO_COMMON_BLOCKS = YES;
				GCC_OPTIMIZATION_LEVEL = 0;
				GCC_PREPROCESSOR_DEFINITIONS = (
					"DEBUG=1",
					"$(inherited)",
				);
				GCC_WARN_64_TO_32_BIT_CONVERSION = YES;
				GCC_WARN_ABOUT_RETURN_TYPE = YES_ERROR;
				GCC_WARN_UNDECLARED_SELECTOR = YES;
				GCC_WARN_UNINITIALIZED_AUTOS = YES_AGGRESSIVE;
				GCC_WARN_UNUSED_FUNCTION = YES;
				GCC_WARN_UNUSED_VARIABLE = YES;
				IPHONEOS_DEPLOYMENT_TARGET = 10.2;
				MTL_ENABLE_DEBUG_INFO = YES;
				ONLY_ACTIVE_ARCH = YES;
				SDKROOT = iphoneos;
			};
			name = Debug;
		};
		CC9A85EB1F17033F00590B47 /* Release */ = {
			isa = XCBuildConfiguration;
			buildSettings = {
				ALWAYS_SEARCH_USER_PATHS = NO;
				CLANG_ANALYZER_NONNULL = YES;
				CLANG_CXX_LANGUAGE_STANDARD = "gnu++0x";
				CLANG_CXX_LIBRARY = "libc++";
				CLANG_ENABLE_MODULES = YES;
				CLANG_ENABLE_OBJC_ARC = YES;
				CLANG_WARN_BOOL_CONVERSION = YES;
				CLANG_WARN_CONSTANT_CONVERSION = YES;
				CLANG_WARN_DIRECT_OBJC_ISA_USAGE = YES_ERROR;
				CLANG_WARN_DOCUMENTATION_COMMENTS = YES;
				CLANG_WARN_EMPTY_BODY = YES;
				CLANG_WARN_ENUM_CONVERSION = YES;
				CLANG_WARN_INFINITE_RECURSION = YES;
				CLANG_WARN_INT_CONVERSION = YES;
				CLANG_WARN_OBJC_ROOT_CLASS = YES_ERROR;
				CLANG_WARN_SUSPICIOUS_MOVE = YES;
				CLANG_WARN_UNREACHABLE_CODE = YES;
				CLANG_WARN__DUPLICATE_METHOD_MATCH = YES;
				"CODE_SIGN_IDENTITY[sdk=iphoneos*]" = "iPhone Developer";
				COPY_PHASE_STRIP = NO;
				DEBUG_INFORMATION_FORMAT = "dwarf-with-dsym";
				ENABLE_NS_ASSERTIONS = NO;
				ENABLE_STRICT_OBJC_MSGSEND = YES;
				GCC_C_LANGUAGE_STANDARD = gnu99;
				GCC_NO_COMMON_BLOCKS = YES;
				GCC_WARN_64_TO_32_BIT_CONVERSION = YES;
				GCC_WARN_ABOUT_RETURN_TYPE = YES_ERROR;
				GCC_WARN_UNDECLARED_SELECTOR = YES;
				GCC_WARN_UNINITIALIZED_AUTOS = YES_AGGRESSIVE;
				GCC_WARN_UNUSED_FUNCTION = YES;
				GCC_WARN_UNUSED_VARIABLE = YES;
				IPHONEOS_DEPLOYMENT_TARGET = 10.2;
				MTL_ENABLE_DEBUG_INFO = NO;
				SDKROOT = iphoneos;
				VALIDATE_PRODUCT = YES;
			};
			name = Release;
		};
		CC9A85ED1F17033F00590B47 /* Debug */ = {
			isa = XCBuildConfiguration;
			buildSettings = {
				ASSETCATALOG_COMPILER_APPICON_NAME = AppIcon;
				DEVELOPMENT_TEAM = 38L5433X9B;
				INFOPLIST_FILE = WXTransitionDemo/Info.plist;
				LD_RUNPATH_SEARCH_PATHS = "$(inherited) @executable_path/Frameworks";
				PRODUCT_BUNDLE_IDENTIFIER = com.tezhi.WXTransitionDemo;
				PRODUCT_NAME = "$(TARGET_NAME)";
			};
			name = Debug;
		};
		CC9A85EE1F17033F00590B47 /* Release */ = {
			isa = XCBuildConfiguration;
			buildSettings = {
				ASSETCATALOG_COMPILER_APPICON_NAME = AppIcon;
				DEVELOPMENT_TEAM = 38L5433X9B;
				INFOPLIST_FILE = WXTransitionDemo/Info.plist;
				LD_RUNPATH_SEARCH_PATHS = "$(inherited) @executable_path/Frameworks";
				PRODUCT_BUNDLE_IDENTIFIER = com.tezhi.WXTransitionDemo;
				PRODUCT_NAME = "$(TARGET_NAME)";
			};
			name = Release;
		};
/* End XCBuildConfiguration section */

/* Begin XCConfigurationList section */
		CC638AFC1F1C472A00EC0131 /* Build configuration list for PBXNativeTarget "WXBasicAnimation" */ = {
			isa = XCConfigurationList;
			buildConfigurations = (
				CC638AFD1F1C472A00EC0131 /* Debug */,
				CC638AFE1F1C472A00EC0131 /* Release */,
			);
			defaultConfigurationIsVisible = 0;
			defaultConfigurationName = Release;
		};
		CC9A85D01F17033F00590B47 /* Build configuration list for PBXProject "WXTransitionDemo" */ = {
			isa = XCConfigurationList;
			buildConfigurations = (
				CC9A85EA1F17033F00590B47 /* Debug */,
				CC9A85EB1F17033F00590B47 /* Release */,
			);
			defaultConfigurationIsVisible = 0;
			defaultConfigurationName = Release;
		};
		CC9A85EC1F17033F00590B47 /* Build configuration list for PBXNativeTarget "WXTransitionDemo" */ = {
			isa = XCConfigurationList;
			buildConfigurations = (
				CC9A85ED1F17033F00590B47 /* Debug */,
				CC9A85EE1F17033F00590B47 /* Release */,
			);
			defaultConfigurationIsVisible = 0;
			defaultConfigurationName = Release;
		};
/* End XCConfigurationList section */
	};
	rootObject = CC9A85CD1F17033F00590B47 /* Project object */;
}
